
Microsoft Visual Studio Solution File, Format Version 12.00
# Visual Studio Version 17
VisualStudioVersion = 17.14.36518.9 d17.14
MinimumVisualStudioVersion = 10.0.40219.1
Project("{FAE04EC0-301F-11D3-BF4B-00C04F79EFBC}") = "PlataformaEAD", "PlataformaEAD\PlataformaEAD.csproj", "{AF7CD6E4-1618-4454-899E-781FD8E627DC}"
EndProject
Global
	GlobalSection(SolutionConfigurationPlatforms) = preSolution
		Debug|Any CPU = Debug|Any CPU
		Release|Any CPU = Release|Any CPU
	EndGlobalSection
	GlobalSection(ProjectConfigurationPlatforms) = postSolution
		{AF7CD6E4-1618-4454-899E-781FD8E627DC}.Debug|Any CPU.ActiveCfg = Debug|Any CPU
		{AF7CD6E4-1618-4454-899E-781FD8E627DC}.Debug|Any CPU.Build.0 = Debug|Any CPU
		{AF7CD6E4-1618-4454-899E-781FD8E627DC}.Release|Any CPU.ActiveCfg = Release|Any CPU
		{AF7CD6E4-1618-4454-899E-781FD8E627DC}.Release|Any CPU.Build.0 = Release|Any CPU
	EndGlobalSection
	GlobalSection(SolutionProperties) = preSolution
		HideSolutionNode = FALSE
	EndGlobalSection
	GlobalSection(ExtensibilityGlobals) = postSolution
		SolutionGuid = {3B27BA51-B3D5-4EAB-9C62-5A1548D29F50}
	EndGlobalSection
EndGlobal
